
Microsoft Visual Studio Solution File, Format Version 12.00
# Visual Studio Version 16
VisualStudioVersion = 16.0.29409.12
MinimumVisualStudioVersion = 10.0.40219.1
Project("{888888A0-9F3D-457C-B088-3A5042F75D52}") = "sending_mail_using_python", "sending_mail_using_python\sending_mail_using_python.pyproj", "{913298F3-D868-4DC8-8EED-D6B12BE6DB45}"
EndProject
Global
	GlobalSection(SolutionConfigurationPlatforms) = preSolution
		Debug|Any CPU = Debug|Any CPU
		Release|Any CPU = Release|Any CPU
	EndGlobalSection
	GlobalSection(ProjectConfigurationPlatforms) = postSolution
		{913298F3-D868-4DC8-8EED-D6B12BE6DB45}.Debug|Any CPU.ActiveCfg = Debug|Any CPU
		{913298F3-D868-4DC8-8EED-D6B12BE6DB45}.Release|Any CPU.ActiveCfg = Release|Any CPU
	EndGlobalSection
	GlobalSection(SolutionProperties) = preSolution
		HideSolutionNode = FALSE
	EndGlobalSection
	GlobalSection(ExtensibilityGlobals) = postSolution
		SolutionGuid = {A6A71F81-BB26-40EB-9D71-0D53293593FE}
	EndGlobalSection
EndGlobal
